
Microsoft Visual Studio Solution File, Format Version 12.00
# Visual Studio Version 17
VisualStudioVersion = 17.14.36221.1
MinimumVisualStudioVersion = 10.0.40219.1
Project("{FAE04EC0-301F-11D3-BF4B-00C04F79EFBC}") = "01-csharp-basics-console-app", "01-csharp-basics-console-app\01-csharp-basics-console-app.csproj", "{197C18DF-7923-44FF-A312-4249CD7C3DD2}"
EndProject
Project("{FAE04EC0-301F-11D3-BF4B-00C04F79EFBC}") = "02-csharp-basics-mvc-app", "02-csharp-basics-mvc-app\02-csharp-basics-mvc-app.csproj", "{1835B729-DC34-4CC4-AB93-37AA675862D3}"
EndProject
Project("{FAE04EC0-301F-11D3-BF4B-00C04F79EFBC}") = "03-caixa-eletronico-console-app", "03-caixa-eletronico-console-app\03-caixa-eletronico-console-app.csproj", "{0C612ACF-2F76-4FAA-AA39-73D9E660DB43}"
EndProject
Project("{FAE04EC0-301F-11D3-BF4B-00C04F79EFBC}") = "04-caixa-eletronico-console-app-mvc", "04-caixa-eletronico-console-app-mvc\04-caixa-eletronico-console-app-mvc.csproj", "{27A4952A-937B-4617-A775-14E0A575BD86}"
EndProject
Project("{FAE04EC0-301F-11D3-BF4B-00C04F79EFBC}") = "05-conta-bancaria-console-app", "05-conta-bancaria-console-app\05-conta-bancaria-console-app.csproj", "{1C2330BF-0841-4490-ABF2-58B7275C50C3}"
EndProject
Project("{FAE04EC0-301F-11D3-BF4B-00C04F79EFBC}") = "06-clinica-web-app-mvc", "06-clinica-web-app-mvc\06-clinica-web-app-mvc.csproj", "{6EDF4615-A460-45B9-A357-97E1650A2F00}"
EndProject
Project("{FAE04EC0-301F-11D3-BF4B-00C04F79EFBC}") = "07-entity-framework-web-app-mvc", "07-entity-framework-web-app-mvc\07-entity-framework-web-app-mvc.csproj", "{7DBDB248-2132-451F-B571-BF6E179FC7A0}"
EndProject
Project("{FAE04EC0-301F-11D3-BF4B-00C04F79EFBC}") = "08-catalogo-web-api", "08-catalogo-web-api\08-catalogo-web-api.csproj", "{D85F3D81-4ABF-404B-95A0-C83315CFBC80}"
EndProject
Project("{FAE04EC0-301F-11D3-BF4B-00C04F79EFBC}") = "09-web-api", "09-web-api\09-web-api.csproj", "{03AAE15A-DA10-451D-A550-C9316B9BE25D}"
EndProject
Global
	GlobalSection(SolutionConfigurationPlatforms) = preSolution
		Debug|Any CPU = Debug|Any CPU
		Release|Any CPU = Release|Any CPU
	EndGlobalSection
	GlobalSection(ProjectConfigurationPlatforms) = postSolution
		{197C18DF-7923-44FF-A312-4249CD7C3DD2}.Debug|Any CPU.ActiveCfg = Debug|Any CPU
		{197C18DF-7923-44FF-A312-4249CD7C3DD2}.Debug|Any CPU.Build.0 = Debug|Any CPU
		{197C18DF-7923-44FF-A312-4249CD7C3DD2}.Release|Any CPU.ActiveCfg = Release|Any CPU
		{197C18DF-7923-44FF-A312-4249CD7C3DD2}.Release|Any CPU.Build.0 = Release|Any CPU
		{1835B729-DC34-4CC4-AB93-37AA675862D3}.Debug|Any CPU.ActiveCfg = Debug|Any CPU
		{1835B729-DC34-4CC4-AB93-37AA675862D3}.Debug|Any CPU.Build.0 = Debug|Any CPU
		{1835B729-DC34-4CC4-AB93-37AA675862D3}.Release|Any CPU.ActiveCfg = Release|Any CPU
		{1835B729-DC34-4CC4-AB93-37AA675862D3}.Release|Any CPU.Build.0 = Release|Any CPU
		{0C612ACF-2F76-4FAA-AA39-73D9E660DB43}.Debug|Any CPU.ActiveCfg = Debug|Any CPU
		{0C612ACF-2F76-4FAA-AA39-73D9E660DB43}.Debug|Any CPU.Build.0 = Debug|Any CPU
		{0C612ACF-2F76-4FAA-AA39-73D9E660DB43}.Release|Any CPU.ActiveCfg = Release|Any CPU
		{0C612ACF-2F76-4FAA-AA39-73D9E660DB43}.Release|Any CPU.Build.0 = Release|Any CPU
		{27A4952A-937B-4617-A775-14E0A575BD86}.Debug|Any CPU.ActiveCfg = Debug|Any CPU
		{27A4952A-937B-4617-A775-14E0A575BD86}.Debug|Any CPU.Build.0 = Debug|Any CPU
		{27A4952A-937B-4617-A775-14E0A575BD86}.Release|Any CPU.ActiveCfg = Release|Any CPU
		{27A4952A-937B-4617-A775-14E0A575BD86}.Release|Any CPU.Build.0 = Release|Any CPU
		{1C2330BF-0841-4490-ABF2-58B7275C50C3}.Debug|Any CPU.ActiveCfg = Debug|Any CPU
		{1C2330BF-0841-4490-ABF2-58B7275C50C3}.Debug|Any CPU.Build.0 = Debug|Any CPU
		{1C2330BF-0841-4490-ABF2-58B7275C50C3}.Release|Any CPU.ActiveCfg = Release|Any CPU
		{1C2330BF-0841-4490-ABF2-58B7275C50C3}.Release|Any CPU.Build.0 = Release|Any CPU
		{6EDF4615-A460-45B9-A357-97E1650A2F00}.Debug|Any CPU.ActiveCfg = Debug|Any CPU
		{6EDF4615-A460-45B9-A357-97E1650A2F00}.Debug|Any CPU.Build.0 = Debug|Any CPU
		{6EDF4615-A460-45B9-A357-97E1650A2F00}.Release|Any CPU.ActiveCfg = Release|Any CPU
		{6EDF4615-A460-45B9-A357-97E1650A2F00}.Release|Any CPU.Build.0 = Release|Any CPU
		{7DBDB248-2132-451F-B571-BF6E179FC7A0}.Debug|Any CPU.ActiveCfg = Debug|Any CPU
		{7DBDB248-2132-451F-B571-BF6E179FC7A0}.Debug|Any CPU.Build.0 = Debug|Any CPU
		{7DBDB248-2132-451F-B571-BF6E179FC7A0}.Release|Any CPU.ActiveCfg = Release|Any CPU
		{7DBDB248-2132-451F-B571-BF6E179FC7A0}.Release|Any CPU.Build.0 = Release|Any CPU
		{D85F3D81-4ABF-404B-95A0-C83315CFBC80}.Debug|Any CPU.ActiveCfg = Debug|Any CPU
		{D85F3D81-4ABF-404B-95A0-C83315CFBC80}.Debug|Any CPU.Build.0 = Debug|Any CPU
		{D85F3D81-4ABF-404B-95A0-C83315CFBC80}.Release|Any CPU.ActiveCfg = Release|Any CPU
		{D85F3D81-4ABF-404B-95A0-C83315CFBC80}.Release|Any CPU.Build.0 = Release|Any CPU
		{03AAE15A-DA10-451D-A550-C9316B9BE25D}.Debug|Any CPU.ActiveCfg = Debug|Any CPU
		{03AAE15A-DA10-451D-A550-C9316B9BE25D}.Debug|Any CPU.Build.0 = Debug|Any CPU
		{03AAE15A-DA10-451D-A550-C9316B9BE25D}.Release|Any CPU.ActiveCfg = Release|Any CPU
		{03AAE15A-DA10-451D-A550-C9316B9BE25D}.Release|Any CPU.Build.0 = Release|Any CPU
	EndGlobalSection
	GlobalSection(SolutionProperties) = preSolution
		HideSolutionNode = FALSE
	EndGlobalSection
	GlobalSection(ExtensibilityGlobals) = postSolution
		SolutionGuid = {D5EBC110-FC8E-4022-9132-EF57132CFCB0}
	EndGlobalSection
EndGlobal
